
Microsoft Visual Studio Solution File, Format Version 12.00
# Visual Studio Version 17
VisualStudioVersion = 17.5.33502.453
MinimumVisualStudioVersion = 10.0.40219.1
Project("{FAE04EC0-301F-11D3-BF4B-00C04F79EFBC}") = "Arisoul.SourceGenerators", "Arisoul.SourceGenerators\Arisoul.SourceGenerators.csproj", "{51AB7F5C-0124-4412-862A-2340A445E5A0}"
EndProject
Global
	GlobalSection(SolutionConfigurationPlatforms) = preSolution
		Debug|Any CPU = Debug|Any CPU
		Release|Any CPU = Release|Any CPU
	EndGlobalSection
	GlobalSection(ProjectConfigurationPlatforms) = postSolution
		{51AB7F5C-0124-4412-862A-2340A445E5A0}.Debug|Any CPU.ActiveCfg = Debug|Any CPU
		{51AB7F5C-0124-4412-862A-2340A445E5A0}.Debug|Any CPU.Build.0 = Debug|Any CPU
		{51AB7F5C-0124-4412-862A-2340A445E5A0}.Release|Any CPU.ActiveCfg = Release|Any CPU
		{51AB7F5C-0124-4412-862A-2340A445E5A0}.Release|Any CPU.Build.0 = Release|Any CPU
	EndGlobalSection
	GlobalSection(SolutionProperties) = preSolution
		HideSolutionNode = FALSE
	EndGlobalSection
	GlobalSection(ExtensibilityGlobals) = postSolution
		SolutionGuid = {E32DFBE1-D980-41D2-A59A-E98FC7A6D35D}
	EndGlobalSection
EndGlobal
