
Microsoft Visual Studio Solution File, Format Version 12.00
# Visual Studio Version 17
VisualStudioVersion = 17.5.33502.453
MinimumVisualStudioVersion = 10.0.40219.1
Project("{9A19103F-16F7-4668-BE54-9A1E7A4F7556}") = "Arisoul.SourceGenerators", "Arisoul.SourceGenerators\Arisoul.SourceGenerators.csproj", "{51AB7F5C-0124-4412-862A-2340A445E5A0}"
EndProject
Project("{9A19103F-16F7-4668-BE54-9A1E7A4F7556}") = "Arisoul.SourceGenerators.Tests", "..\Tests\Arisoul.SourceGenerators.Tests\Arisoul.SourceGenerators.Tests.csproj", "{92B57041-7DF3-4279-A20C-8E0242335493}"
EndProject
Project("{9A19103F-16F7-4668-BE54-9A1E7A4F7556}") = "DtoGenerator", "..\Samples\DtoGenerator\DtoGenerator.csproj", "{E0464CC8-1DB4-4473-AD3D-269F5B4E724F}"
EndProject
Project("{9A19103F-16F7-4668-BE54-9A1E7A4F7556}") = "Arisoul.SourceGenerators.Attributes", "Arisoul.SourceGenerators.Attributes\Arisoul.SourceGenerators.Attributes.csproj", "{EB2080BE-581C-40F5-BDC7-334E2D32A78D}"
EndProject
Project("{FAE04EC0-301F-11D3-BF4B-00C04F79EFBC}") = "DotNetFrameworkSample", "DotNetFrameworkSample\DotNetFrameworkSample.csproj", "{CAF1213C-6D5C-4618-A422-C74FDA7CB8E8}"
EndProject
Global
	GlobalSection(SolutionConfigurationPlatforms) = preSolution
		Debug|Any CPU = Debug|Any CPU
		Release|Any CPU = Release|Any CPU
	EndGlobalSection
	GlobalSection(ProjectConfigurationPlatforms) = postSolution
		{51AB7F5C-0124-4412-862A-2340A445E5A0}.Debug|Any CPU.ActiveCfg = Debug|Any CPU
		{51AB7F5C-0124-4412-862A-2340A445E5A0}.Debug|Any CPU.Build.0 = Debug|Any CPU
		{51AB7F5C-0124-4412-862A-2340A445E5A0}.Release|Any CPU.ActiveCfg = Release|Any CPU
		{51AB7F5C-0124-4412-862A-2340A445E5A0}.Release|Any CPU.Build.0 = Release|Any CPU
		{92B57041-7DF3-4279-A20C-8E0242335493}.Debug|Any CPU.ActiveCfg = Debug|Any CPU
		{92B57041-7DF3-4279-A20C-8E0242335493}.Debug|Any CPU.Build.0 = Debug|Any CPU
		{92B57041-7DF3-4279-A20C-8E0242335493}.Release|Any CPU.ActiveCfg = Release|Any CPU
		{92B57041-7DF3-4279-A20C-8E0242335493}.Release|Any CPU.Build.0 = Release|Any CPU
		{E0464CC8-1DB4-4473-AD3D-269F5B4E724F}.Debug|Any CPU.ActiveCfg = Debug|Any CPU
		{E0464CC8-1DB4-4473-AD3D-269F5B4E724F}.Debug|Any CPU.Build.0 = Debug|Any CPU
		{E0464CC8-1DB4-4473-AD3D-269F5B4E724F}.Release|Any CPU.ActiveCfg = Release|Any CPU
		{E0464CC8-1DB4-4473-AD3D-269F5B4E724F}.Release|Any CPU.Build.0 = Release|Any CPU
		{EB2080BE-581C-40F5-BDC7-334E2D32A78D}.Debug|Any CPU.ActiveCfg = Debug|Any CPU
		{EB2080BE-581C-40F5-BDC7-334E2D32A78D}.Debug|Any CPU.Build.0 = Debug|Any CPU
		{EB2080BE-581C-40F5-BDC7-334E2D32A78D}.Release|Any CPU.ActiveCfg = Release|Any CPU
		{EB2080BE-581C-40F5-BDC7-334E2D32A78D}.Release|Any CPU.Build.0 = Release|Any CPU
		{CAF1213C-6D5C-4618-A422-C74FDA7CB8E8}.Debug|Any CPU.ActiveCfg = Debug|Any CPU
		{CAF1213C-6D5C-4618-A422-C74FDA7CB8E8}.Debug|Any CPU.Build.0 = Debug|Any CPU
		{CAF1213C-6D5C-4618-A422-C74FDA7CB8E8}.Release|Any CPU.ActiveCfg = Release|Any CPU
		{CAF1213C-6D5C-4618-A422-C74FDA7CB8E8}.Release|Any CPU.Build.0 = Release|Any CPU
	EndGlobalSection
	GlobalSection(SolutionProperties) = preSolution
		HideSolutionNode = FALSE
	EndGlobalSection
	GlobalSection(ExtensibilityGlobals) = postSolution
		SolutionGuid = {E32DFBE1-D980-41D2-A59A-E98FC7A6D35D}
	EndGlobalSection
EndGlobal
